
Microsoft Visual Studio Solution File, Format Version 12.00
# Visual Studio Version 17
VisualStudioVersion = 17.14.36408.4 d17.14
MinimumVisualStudioVersion = 10.0.40219.1
Project("{FAE04EC0-301F-11D3-BF4B-00C04F79EFBC}") = "CapIndexAssessment", "CapIndexAssessment\CapIndexAssessment.csproj", "{F5858C22-B91E-465C-85EA-3934D58F9214}"
EndProject
Project("{FAE04EC0-301F-11D3-BF4B-00C04F79EFBC}") = "CapIndexAssessmentTests", "CapIndexAssessmentTests\CapIndexAssessmentTests.csproj", "{49E44A23-0A83-45CC-861B-AC28C0DF3EEA}"
EndProject
Global
	GlobalSection(SolutionConfigurationPlatforms) = preSolution
		Debug|Any CPU = Debug|Any CPU
		Release|Any CPU = Release|Any CPU
	EndGlobalSection
	GlobalSection(ProjectConfigurationPlatforms) = postSolution
		{F5858C22-B91E-465C-85EA-3934D58F9214}.Debug|Any CPU.ActiveCfg = Debug|Any CPU
		{F5858C22-B91E-465C-85EA-3934D58F9214}.Debug|Any CPU.Build.0 = Debug|Any CPU
		{F5858C22-B91E-465C-85EA-3934D58F9214}.Release|Any CPU.ActiveCfg = Release|Any CPU
		{F5858C22-B91E-465C-85EA-3934D58F9214}.Release|Any CPU.Build.0 = Release|Any CPU
		{49E44A23-0A83-45CC-861B-AC28C0DF3EEA}.Debug|Any CPU.ActiveCfg = Debug|Any CPU
		{49E44A23-0A83-45CC-861B-AC28C0DF3EEA}.Debug|Any CPU.Build.0 = Debug|Any CPU
		{49E44A23-0A83-45CC-861B-AC28C0DF3EEA}.Release|Any CPU.ActiveCfg = Release|Any CPU
		{49E44A23-0A83-45CC-861B-AC28C0DF3EEA}.Release|Any CPU.Build.0 = Release|Any CPU
	EndGlobalSection
	GlobalSection(SolutionProperties) = preSolution
		HideSolutionNode = FALSE
	EndGlobalSection
	GlobalSection(ExtensibilityGlobals) = postSolution
		SolutionGuid = {AE3C4F46-4EF8-47DD-AF2E-E6195D9A8E00}
	EndGlobalSection
EndGlobal
